// !$*UTF8*$!
{
	archiveVersion = 1;
	classes = {
	};
	objectVersion = 46;
	objects = {

/* Begin PBXBuildFile section */
		3F3012701951CEA900012C62 /* Foundation.framework in Frameworks */ = {isa = PBXBuildFile; fileRef = 3F30126F1951CEA900012C62 /* Foundation.framework */; };
		3F3012721951CEA900012C62 /* CoreGraphics.framework in Frameworks */ = {isa = PBXBuildFile; fileRef = 3F3012711951CEA900012C62 /* CoreGraphics.framework */; };
		3F3012741951CEA900012C62 /* UIKit.framework in Frameworks */ = {isa = PBXBuildFile; fileRef = 3F3012731951CEA900012C62 /* UIKit.framework */; };
		3F30127A1951CEA900012C62 /* InfoPlist.strings in Resources */ = {isa = PBXBuildFile; fileRef = 3F3012781951CEA900012C62 /* InfoPlist.strings */; };
		3F30127C1951CEA900012C62 /* main.m in Sources */ = {isa = PBXBuildFile; fileRef = 3F30127B1951CEA900012C62 /* main.m */; };
		3F3012801951CEA900012C62 /* AppDelegate.m in Sources */ = {isa = PBXBuildFile; fileRef = 3F30127F1951CEA900012C62 /* AppDelegate.m */; };
		3F3012831951CEA900012C62 /* Main.storyboard in Resources */ = {isa = PBXBuildFile; fileRef = 3F3012811951CEA900012C62 /* Main.storyboard */; };
		3F3012861951CEA900012C62 /* ViewController.m in Sources */ = {isa = PBXBuildFile; fileRef = 3F3012851951CEA900012C62 /* ViewController.m */; };
		3F3012881951CEA900012C62 /* Images.xcassets in Resources */ = {isa = PBXBuildFile; fileRef = 3F3012871951CEA900012C62 /* Images.xcassets */; };
		3F30128F1951CEA900012C62 /* XCTest.framework in Frameworks */ = {isa = PBXBuildFile; fileRef = 3F30128E1951CEA900012C62 /* XCTest.framework */; };
		3F3012901951CEA900012C62 /* Foundation.framework in Frameworks */ = {isa = PBXBuildFile; fileRef = 3F30126F1951CEA900012C62 /* Foundation.framework */; };
		3F3012911951CEA900012C62 /* UIKit.framework in Frameworks */ = {isa = PBXBuildFile; fileRef = 3F3012731951CEA900012C62 /* UIKit.framework */; };
		3F3012991951CEA900012C62 /* InfoPlist.strings in Resources */ = {isa = PBXBuildFile; fileRef = 3F3012971951CEA900012C62 /* InfoPlist.strings */; };
		3F30129B1951CEA900012C62 /* miniShowsTests.m in Sources */ = {isa = PBXBuildFile; fileRef = 3F30129A1951CEA900012C62 /* miniShowsTests.m */; };
		3F3012A61951CF3B00012C62 /* CustomTableViewCell.m in Sources */ = {isa = PBXBuildFile; fileRef = 3F3012A51951CF3B00012C62 /* CustomTableViewCell.m */; };
		3F3012A91951D3BA00012C62 /* DetailViewController.m in Sources */ = {isa = PBXBuildFile; fileRef = 3F3012A81951D3BA00012C62 /* DetailViewController.m */; };
		3F3012AC1951D3C300012C62 /* SettingsViewController.m in Sources */ = {isa = PBXBuildFile; fileRef = 3F3012AB1951D3C300012C62 /* SettingsViewController.m */; };
		3F3012AF1951D3FD00012C62 /* MenuTableViewController.m in Sources */ = {isa = PBXBuildFile; fileRef = 3F3012AE1951D3FD00012C62 /* MenuTableViewController.m */; };
/* End PBXBuildFile section */

/* Begin PBXContainerItemProxy section */
		3F3012921951CEA900012C62 /* PBXContainerItemProxy */ = {
			isa = PBXContainerItemProxy;
			containerPortal = 3F3012641951CEA900012C62 /* Project object */;
			proxyType = 1;
			remoteGlobalIDString = 3F30126B1951CEA900012C62;
			remoteInfo = miniShows;
		};
/* End PBXContainerItemProxy section */

/* Begin PBXFileReference section */
		3F30126C1951CEA900012C62 /* miniShows.app */ = {isa = PBXFileReference; explicitFileType = wrapper.application; includeInIndex = 0; path = miniShows.app; sourceTree = BUILT_PRODUCTS_DIR; };
		3F30126F1951CEA900012C62 /* Foundation.framework */ = {isa = PBXFileReference; lastKnownFileType = wrapper.framework; name = Foundation.framework; path = System/Library/Frameworks/Foundation.framework; sourceTree = SDKROOT; };
		3F3012711951CEA900012C62 /* CoreGraphics.framework */ = {isa = PBXFileReference; lastKnownFileType = wrapper.framework; name = CoreGraphics.framework; path = System/Library/Frameworks/CoreGraphics.framework; sourceTree = SDKROOT; };
		3F3012731951CEA900012C62 /* UIKit.framework */ = {isa = PBXFileReference; lastKnownFileType = wrapper.framework; name = UIKit.framework; path = System/Library/Frameworks/UIKit.framework; sourceTree = SDKROOT; };
		3F3012771951CEA900012C62 /* miniShows-Info.plist */ = {isa = PBXFileReference; lastKnownFileType = text.plist.xml; path = "miniShows-Info.plist"; sourceTree = "<group>"; };
		3F3012791951CEA900012C62 /* en */ = {isa = PBXFileReference; lastKnownFileType = text.plist.strings; name = en; path = en.lproj/InfoPlist.strings; sourceTree = "<group>"; };
		3F30127B1951CEA900012C62 /* main.m */ = {isa = PBXFileReference; lastKnownFileType = sourcecode.c.objc; path = main.m; sourceTree = "<group>"; };
		3F30127D1951CEA900012C62 /* miniShows-Prefix.pch */ = {isa = PBXFileReference; lastKnownFileType = sourcecode.c.h; path = "miniShows-Prefix.pch"; sourceTree = "<group>"; };
		3F30127E1951CEA900012C62 /* AppDelegate.h */ = {isa = PBXFileReference; lastKnownFileType = sourcecode.c.h; path = AppDelegate.h; sourceTree = "<group>"; };
		3F30127F1951CEA900012C62 /* AppDelegate.m */ = {isa = PBXFileReference; lastKnownFileType = sourcecode.c.objc; path = AppDelegate.m; sourceTree = "<group>"; };
		3F3012821951CEA900012C62 /* Base */ = {isa = PBXFileReference; lastKnownFileType = file.storyboard; name = Base; path = Base.lproj/Main.storyboard; sourceTree = "<group>"; };
		3F3012841951CEA900012C62 /* ViewController.h */ = {isa = PBXFileReference; lastKnownFileType = sourcecode.c.h; path = ViewController.h; sourceTree = "<group>"; };
		3F3012851951CEA900012C62 /* ViewController.m */ = {isa = PBXFileReference; lastKnownFileType = sourcecode.c.objc; path = ViewController.m; sourceTree = "<group>"; };
		3F3012871951CEA900012C62 /* Images.xcassets */ = {isa = PBXFileReference; lastKnownFileType = folder.assetcatalog; path = Images.xcassets; sourceTree = "<group>"; };
		3F30128D1951CEA900012C62 /* miniShowsTests.xctest */ = {isa = PBXFileReference; explicitFileType = wrapper.cfbundle; includeInIndex = 0; path = miniShowsTests.xctest; sourceTree = BUILT_PRODUCTS_DIR; };
		3F30128E1951CEA900012C62 /* XCTest.framework */ = {isa = PBXFileReference; lastKnownFileType = wrapper.framework; name = XCTest.framework; path = Library/Frameworks/XCTest.framework; sourceTree = DEVELOPER_DIR; };
		3F3012961951CEA900012C62 /* miniShowsTests-Info.plist */ = {isa = PBXFileReference; lastKnownFileType = text.plist.xml; path = "miniShowsTests-Info.plist"; sourceTree = "<group>"; };
		3F3012981951CEA900012C62 /* en */ = {isa = PBXFileReference; lastKnownFileType = text.plist.strings; name = en; path = en.lproj/InfoPlist.strings; sourceTree = "<group>"; };
		3F30129A1951CEA900012C62 /* miniShowsTests.m */ = {isa = PBXFileReference; lastKnownFileType = sourcecode.c.objc; path = miniShowsTests.m; sourceTree = "<group>"; };
		3F3012A41951CF3B00012C62 /* CustomTableViewCell.h */ = {isa = PBXFileReference; fileEncoding = 4; lastKnownFileType = sourcecode.c.h; path = CustomTableViewCell.h; sourceTree = "<group>"; };
		3F3012A51951CF3B00012C62 /* CustomTableViewCell.m */ = {isa = PBXFileReference; fileEncoding = 4; lastKnownFileType = sourcecode.c.objc; path = CustomTableViewCell.m; sourceTree = "<group>"; };
		3F3012A71951D3BA00012C62 /* DetailViewController.h */ = {isa = PBXFileReference; fileEncoding = 4; lastKnownFileType = sourcecode.c.h; path = DetailViewController.h; sourceTree = "<group>"; };
		3F3012A81951D3BA00012C62 /* DetailViewController.m */ = {isa = PBXFileReference; fileEncoding = 4; lastKnownFileType = sourcecode.c.objc; path = DetailViewController.m; sourceTree = "<group>"; };
		3F3012AA1951D3C300012C62 /* SettingsViewController.h */ = {isa = PBXFileReference; fileEncoding = 4; lastKnownFileType = sourcecode.c.h; path = SettingsViewController.h; sourceTree = "<group>"; };
		3F3012AB1951D3C300012C62 /* SettingsViewController.m */ = {isa = PBXFileReference; fileEncoding = 4; lastKnownFileType = sourcecode.c.objc; path = SettingsViewController.m; sourceTree = "<group>"; };
		3F3012AD1951D3FD00012C62 /* MenuTableViewController.h */ = {isa = PBXFileReference; fileEncoding = 4; lastKnownFileType = sourcecode.c.h; path = MenuTableViewController.h; sourceTree = "<group>"; };
		3F3012AE1951D3FD00012C62 /* MenuTableViewController.m */ = {isa = PBXFileReference; fileEncoding = 4; lastKnownFileType = sourcecode.c.objc; path = MenuTableViewController.m; sourceTree = "<group>"; };
/* End PBXFileReference section */

/* Begin PBXFrameworksBuildPhase section */
		3F3012691951CEA900012C62 /* Frameworks */ = {
			isa = PBXFrameworksBuildPhase;
			buildActionMask = 2147483647;
			files = (
				3F3012721951CEA900012C62 /* CoreGraphics.framework in Frameworks */,
				3F3012741951CEA900012C62 /* UIKit.framework in Frameworks */,
				3F3012701951CEA900012C62 /* Foundation.framework in Frameworks */,
			);
			runOnlyForDeploymentPostprocessing = 0;
		};
		3F30128A1951CEA900012C62 /* Frameworks */ = {
			isa = PBXFrameworksBuildPhase;
			buildActionMask = 2147483647;
			files = (
				3F30128F1951CEA900012C62 /* XCTest.framework in Frameworks */,
				3F3012911951CEA900012C62 /* UIKit.framework in Frameworks */,
				3F3012901951CEA900012C62 /* Foundation.framework in Frameworks */,
			);
			runOnlyForDeploymentPostprocessing = 0;
		};
/* End PBXFrameworksBuildPhase section */

/* Begin PBXGroup section */
		3F3012631951CEA900012C62 = {
			isa = PBXGroup;
			children = (
				3F3012751951CEA900012C62 /* miniShows */,
				3F3012941951CEA900012C62 /* miniShowsTests */,
				3F30126E1951CEA900012C62 /* Frameworks */,
				3F30126D1951CEA900012C62 /* Products */,
			);
			sourceTree = "<group>";
		};
		3F30126D1951CEA900012C62 /* Products */ = {
			isa = PBXGroup;
			children = (
				3F30126C1951CEA900012C62 /* miniShows.app */,
				3F30128D1951CEA900012C62 /* miniShowsTests.xctest */,
			);
			name = Products;
			sourceTree = "<group>";
		};
		3F30126E1951CEA900012C62 /* Frameworks */ = {
			isa = PBXGroup;
			children = (
				3F30126F1951CEA900012C62 /* Foundation.framework */,
				3F3012711951CEA900012C62 /* CoreGraphics.framework */,
				3F3012731951CEA900012C62 /* UIKit.framework */,
				3F30128E1951CEA900012C62 /* XCTest.framework */,
			);
			name = Frameworks;
			sourceTree = "<group>";
		};
		3F3012751951CEA900012C62 /* miniShows */ = {
			isa = PBXGroup;
			children = (
				3F30127E1951CEA900012C62 /* AppDelegate.h */,
				3F30127F1951CEA900012C62 /* AppDelegate.m */,
				3F3012811951CEA900012C62 /* Main.storyboard */,
				3F3012841951CEA900012C62 /* ViewController.h */,
				3F3012851951CEA900012C62 /* ViewController.m */,
				3F3012A41951CF3B00012C62 /* CustomTableViewCell.h */,
				3F3012A51951CF3B00012C62 /* CustomTableViewCell.m */,
				3F3012A71951D3BA00012C62 /* DetailViewController.h */,
				3F3012A81951D3BA00012C62 /* DetailViewController.m */,
				3F3012AD1951D3FD00012C62 /* MenuTableViewController.h */,
				3F3012AE1951D3FD00012C62 /* MenuTableViewController.m */,
				3F3012AA1951D3C300012C62 /* SettingsViewController.h */,
				3F3012AB1951D3C300012C62 /* SettingsViewController.m */,
				3F3012871951CEA900012C62 /* Images.xcassets */,
				3F3012761951CEA900012C62 /* Supporting Files */,
			);
			path = miniShows;
			sourceTree = "<group>";
		};
		3F3012761951CEA900012C62 /* Supporting Files */ = {
			isa = PBXGroup;
			children = (
				3F3012771951CEA900012C62 /* miniShows-Info.plist */,
				3F3012781951CEA900012C62 /* InfoPlist.strings */,
				3F30127B1951CEA900012C62 /* main.m */,
				3F30127D1951CEA900012C62 /* miniShows-Prefix.pch */,
			);
			name = "Supporting Files";
			sourceTree = "<group>";
		};
		3F3012941951CEA900012C62 /* miniShowsTests */ = {
			isa = PBXGroup;
			children = (
				3F30129A1951CEA900012C62 /* miniShowsTests.m */,
				3F3012951951CEA900012C62 /* Supporting Files */,
			);
			path = miniShowsTests;
			sourceTree = "<group>";
		};
		3F3012951951CEA900012C62 /* Supporting Files */ = {
			isa = PBXGroup;
			children = (
				3F3012961951CEA900012C62 /* miniShowsTests-Info.plist */,
				3F3012971951CEA900012C62 /* InfoPlist.strings */,
			);
			name = "Supporting Files";
			sourceTree = "<group>";
		};
/* End PBXGroup section */

/* Begin PBXNativeTarget section */
		3F30126B1951CEA900012C62 /* miniShows */ = {
			isa = PBXNativeTarget;
			buildConfigurationList = 3F30129E1951CEA900012C62 /* Build configuration list for PBXNativeTarget "miniShows" */;
			buildPhases = (
				3F3012681951CEA900012C62 /* Sources */,
				3F3012691951CEA900012C62 /* Frameworks */,
				3F30126A1951CEA900012C62 /* Resources */,
			);
			buildRules = (
			);
			dependencies = (
			);
			name = miniShows;
			productName = miniShows;
			productReference = 3F30126C1951CEA900012C62 /* miniShows.app */;
			productType = "com.apple.product-type.application";
		};
		3F30128C1951CEA900012C62 /* miniShowsTests */ = {
			isa = PBXNativeTarget;
			buildConfigurationList = 3F3012A11951CEA900012C62 /* Build configuration list for PBXNativeTarget "miniShowsTests" */;
			buildPhases = (
				3F3012891951CEA900012C62 /* Sources */,
				3F30128A1951CEA900012C62 /* Frameworks */,
				3F30128B1951CEA900012C62 /* Resources */,
			);
			buildRules = (
			);
			dependencies = (
				3F3012931951CEA900012C62 /* PBXTargetDependency */,
			);
			name = miniShowsTests;
			productName = miniShowsTests;
			productReference = 3F30128D1951CEA900012C62 /* miniShowsTests.xctest */;
			productType = "com.apple.product-type.bundle.unit-test";
		};
/* End PBXNativeTarget section */

/* Begin PBXProject section */
		3F3012641951CEA900012C62 /* Project object */ = {
			isa = PBXProject;
			attributes = {
				LastUpgradeCheck = 0510;
				ORGANIZATIONNAME = ironHack;
				TargetAttributes = {
					3F30128C1951CEA900012C62 = {
						TestTargetID = 3F30126B1951CEA900012C62;
					};
				};
			};
			buildConfigurationList = 3F3012671951CEA900012C62 /* Build configuration list for PBXProject "miniShows" */;
			compatibilityVersion = "Xcode 3.2";
			developmentRegion = English;
			hasScannedForEncodings = 0;
			knownRegions = (
				en,
				Base,
			);
			mainGroup = 3F3012631951CEA900012C62;
			productRefGroup = 3F30126D1951CEA900012C62 /* Products */;
			projectDirPath = "";
			projectRoot = "";
			targets = (
				3F30126B1951CEA900012C62 /* miniShows */,
				3F30128C1951CEA900012C62 /* miniShowsTests */,
			);
		};
/* End PBXProject section */

/* Begin PBXResourcesBuildPhase section */
		3F30126A1951CEA900012C62 /* Resources */ = {
			isa = PBXResourcesBuildPhase;
			buildActionMask = 2147483647;
			files = (
				3F3012881951CEA900012C62 /* Images.xcassets in Resources */,
				3F30127A1951CEA900012C62 /* InfoPlist.strings in Resources */,
				3F3012831951CEA900012C62 /* Main.storyboard in Resources */,
			);
			runOnlyForDeploymentPostprocessing = 0;
		};
		3F30128B1951CEA900012C62 /* Resources */ = {
			isa = PBXResourcesBuildPhase;
			buildActionMask = 2147483647;
			files = (
				3F3012991951CEA900012C62 /* InfoPlist.strings in Resources */,
			);
			runOnlyForDeploymentPostprocessing = 0;
		};
/* End PBXResourcesBuildPhase section */

/* Begin PBXSourcesBuildPhase section */
		3F3012681951CEA900012C62 /* Sources */ = {
			isa = PBXSourcesBuildPhase;
			buildActionMask = 2147483647;
			files = (
				3F3012A91951D3BA00012C62 /* DetailViewController.m in Sources */,
				3F3012861951CEA900012C62 /* ViewController.m in Sources */,
				3F3012801951CEA900012C62 /* AppDelegate.m in Sources */,
				3F3012AC1951D3C300012C62 /* SettingsViewController.m in Sources */,
				3F3012A61951CF3B00012C62 /* CustomTableViewCell.m in Sources */,
				3F3012AF1951D3FD00012C62 /* MenuTableViewController.m in Sources */,
				3F30127C1951CEA900012C62 /* main.m in Sources */,
			);
			runOnlyForDeploymentPostprocessing = 0;
		};
		3F3012891951CEA900012C62 /* Sources */ = {
			isa = PBXSourcesBuildPhase;
			buildActionMask = 2147483647;
			files = (
				3F30129B1951CEA900012C62 /* miniShowsTests.m in Sources */,
			);
			runOnlyForDeploymentPostprocessing = 0;
		};
/* End PBXSourcesBuildPhase section */

/* Begin PBXTargetDependency section */
		3F3012931951CEA900012C62 /* PBXTargetDependency */ = {
			isa = PBXTargetDependency;
			target = 3F30126B1951CEA900012C62 /* miniShows */;
			targetProxy = 3F3012921951CEA900012C62 /* PBXContainerItemProxy */;
		};
/* End PBXTargetDependency section */

/* Begin PBXVariantGroup section */
		3F3012781951CEA900012C62 /* InfoPlist.strings */ = {
			isa = PBXVariantGroup;
			children = (
				3F3012791951CEA900012C62 /* en */,
			);
			name = InfoPlist.strings;
			sourceTree = "<group>";
		};
		3F3012811951CEA900012C62 /* Main.storyboard */ = {
			isa = PBXVariantGroup;
			children = (
				3F3012821951CEA900012C62 /* Base */,
			);
			name = Main.storyboard;
			sourceTree = "<group>";
		};
		3F3012971951CEA900012C62 /* InfoPlist.strings */ = {
			isa = PBXVariantGroup;
			children = (
				3F3012981951CEA900012C62 /* en */,
			);
			name = InfoPlist.strings;
			sourceTree = "<group>";
		};
/* End PBXVariantGroup section */

/* Begin XCBuildConfiguration section */
		3F30129C1951CEA900012C62 /* Debug */ = {
			isa = XCBuildConfiguration;
			buildSettings = {
				ALWAYS_SEARCH_USER_PATHS = NO;
				CLANG_CXX_LANGUAGE_STANDARD = "gnu++0x";
				CLANG_CXX_LIBRARY = "libc++";
				CLANG_ENABLE_MODULES = YES;
				CLANG_ENABLE_OBJC_ARC = YES;
				CLANG_WARN_BOOL_CONVERSION = YES;
				CLANG_WARN_CONSTANT_CONVERSION = YES;
				CLANG_WARN_DIRECT_OBJC_ISA_USAGE = YES_ERROR;
				CLANG_WARN_EMPTY_BODY = YES;
				CLANG_WARN_ENUM_CONVERSION = YES;
				CLANG_WARN_INT_CONVERSION = YES;
				CLANG_WARN_OBJC_ROOT_CLASS = YES_ERROR;
				CLANG_WARN__DUPLICATE_METHOD_MATCH = YES;
				"CODE_SIGN_IDENTITY[sdk=iphoneos*]" = "iPhone Developer";
				COPY_PHASE_STRIP = NO;
				GCC_C_LANGUAGE_STANDARD = gnu99;
				GCC_DYNAMIC_NO_PIC = NO;
				GCC_OPTIMIZATION_LEVEL = 0;
				GCC_PREPROCESSOR_DEFINITIONS = (
					"DEBUG=1",
					"$(inherited)",
				);
				GCC_SYMBOLS_PRIVATE_EXTERN = NO;
				GCC_WARN_64_TO_32_BIT_CONVERSION = YES;
				GCC_WARN_ABOUT_RETURN_TYPE = YES_ERROR;
				GCC_WARN_UNDECLARED_SELECTOR = YES;
				GCC_WARN_UNINITIALIZED_AUTOS = YES_AGGRESSIVE;
				GCC_WARN_UNUSED_FUNCTION = YES;
				GCC_WARN_UNUSED_VARIABLE = YES;
				IPHONEOS_DEPLOYMENT_TARGET = 7.1;
				ONLY_ACTIVE_ARCH = YES;
				SDKROOT = iphoneos;
			};
			name = Debug;
		};
		3F30129D1951CEA900012C62 /* Release */ = {
			isa = XCBuildConfiguration;
			buildSettings = {
				ALWAYS_SEARCH_USER_PATHS = NO;
				CLANG_CXX_LANGUAGE_STANDARD = "gnu++0x";
				CLANG_CXX_LIBRARY = "libc++";
				CLANG_ENABLE_MODULES = YES;
				CLANG_ENABLE_OBJC_ARC = YES;
				CLANG_WARN_BOOL_CONVERSION = YES;
				CLANG_WARN_CONSTANT_CONVERSION = YES;
				CLANG_WARN_DIRECT_OBJC_ISA_USAGE = YES_ERROR;
				CLANG_WARN_EMPTY_BODY = YES;
				CLANG_WARN_ENUM_CONVERSION = YES;
				CLANG_WARN_INT_CONVERSION = YES;
				CLANG_WARN_OBJC_ROOT_CLASS = YES_ERROR;
				CLANG_WARN__DUPLICATE_METHOD_MATCH = YES;
				"CODE_SIGN_IDENTITY[sdk=iphoneos*]" = "iPhone Developer";
				COPY_PHASE_STRIP = YES;
				ENABLE_NS_ASSERTIONS = NO;
				GCC_C_LANGUAGE_STANDARD = gnu99;
				GCC_WARN_64_TO_32_BIT_CONVERSION = YES;
				GCC_WARN_ABOUT_RETURN_TYPE = YES_ERROR;
				GCC_WARN_UNDECLARED_SELECTOR = YES;
				GCC_WARN_UNINITIALIZED_AUTOS = YES_AGGRESSIVE;
				GCC_WARN_UNUSED_FUNCTION = YES;
				GCC_WARN_UNUSED_VARIABLE = YES;
				IPHONEOS_DEPLOYMENT_TARGET = 7.1;
				SDKROOT = iphoneos;
				VALIDATE_PRODUCT = YES;
			};
			name = Release;
		};
		3F30129F1951CEA900012C62 /* Debug */ = {
			isa = XCBuildConfiguration;
			buildSettings = {
				ASSETCATALOG_COMPILER_APPICON_NAME = AppIcon;
				ASSETCATALOG_COMPILER_LAUNCHIMAGE_NAME = LaunchImage;
				GCC_PRECOMPILE_PREFIX_HEADER = YES;
				GCC_PREFIX_HEADER = "miniShows/miniShows-Prefix.pch";
				INFOPLIST_FILE = "miniShows/miniShows-Info.plist";
				PRODUCT_NAME = "$(TARGET_NAME)";
				WRAPPER_EXTENSION = app;
			};
			name = Debug;
		};
		3F3012A01951CEA900012C62 /* Release */ = {
			isa = XCBuildConfiguration;
			buildSettings = {
				ASSETCATALOG_COMPILER_APPICON_NAME = AppIcon;
				ASSETCATALOG_COMPILER_LAUNCHIMAGE_NAME = LaunchImage;
				GCC_PRECOMPILE_PREFIX_HEADER = YES;
				GCC_PREFIX_HEADER = "miniShows/miniShows-Prefix.pch";
				INFOPLIST_FILE = "miniShows/miniShows-Info.plist";
				PRODUCT_NAME = "$(TARGET_NAME)";
				WRAPPER_EXTENSION = app;
			};
			name = Release;
		};
		3F3012A21951CEA900012C62 /* Debug */ = {
			isa = XCBuildConfiguration;
			buildSettings = {
				BUNDLE_LOADER = "$(BUILT_PRODUCTS_DIR)/miniShows.app/miniShows";
				FRAMEWORK_SEARCH_PATHS = (
					"$(SDKROOT)/Developer/Library/Frameworks",
					"$(inherited)",
					"$(DEVELOPER_FRAMEWORKS_DIR)",
				);
				GCC_PRECOMPILE_PREFIX_HEADER = YES;
				GCC_PREFIX_HEADER = "miniShows/miniShows-Prefix.pch";
				GCC_PREPROCESSOR_DEFINITIONS = (
					"DEBUG=1",
					"$(inherited)",
				);
				INFOPLIST_FILE = "miniShowsTests/miniShowsTests-Info.plist";
				PRODUCT_NAME = "$(TARGET_NAME)";
				TEST_HOST = "$(BUNDLE_LOADER)";
				WRAPPER_EXTENSION = xctest;
			};
			name = Debug;
		};
		3F3012A31951CEA900012C62 /* Release */ = {
			isa = XCBuildConfiguration;
			buildSettings = {
				BUNDLE_LOADER = "$(BUILT_PRODUCTS_DIR)/miniShows.app/miniShows";
				FRAMEWORK_SEARCH_PATHS = (
					"$(SDKROOT)/Developer/Library/Frameworks",
					"$(inherited)",
					"$(DEVELOPER_FRAMEWORKS_DIR)",
				);
				GCC_PRECOMPILE_PREFIX_HEADER = YES;
				GCC_PREFIX_HEADER = "miniShows/miniShows-Prefix.pch";
				INFOPLIST_FILE = "miniShowsTests/miniShowsTests-Info.plist";
				PRODUCT_NAME = "$(TARGET_NAME)";
				TEST_HOST = "$(BUNDLE_LOADER)";
				WRAPPER_EXTENSION = xctest;
			};
			name = Release;
		};
/* End XCBuildConfiguration section */

/* Begin XCConfigurationList section */
		3F3012671951CEA900012C62 /* Build configuration list for PBXProject "miniShows" */ = {
			isa = XCConfigurationList;
			buildConfigurations = (
				3F30129C1951CEA900012C62 /* Debug */,
				3F30129D1951CEA900012C62 /* Release */,
			);
			defaultConfigurationIsVisible = 0;
			defaultConfigurationName = Release;
		};
		3F30129E1951CEA900012C62 /* Build configuration list for PBXNativeTarget "miniShows" */ = {
			isa = XCConfigurationList;
			buildConfigurations = (
				3F30129F1951CEA900012C62 /* Debug */,
				3F3012A01951CEA900012C62 /* Release */,
			);
			defaultConfigurationIsVisible = 0;
		};
		3F3012A11951CEA900012C62 /* Build configuration list for PBXNativeTarget "miniShowsTests" */ = {
			isa = XCConfigurationList;
			buildConfigurations = (
				3F3012A21951CEA900012C62 /* Debug */,
				3F3012A31951CEA900012C62 /* Release */,
			);
			defaultConfigurationIsVisible = 0;
		};
/* End XCConfigurationList section */
	};
	rootObject = 3F3012641951CEA900012C62 /* Project object */;
}
